
Microsoft Visual Studio Solution File, Format Version 12.00
# Visual Studio Version 17
VisualStudioVersion = 17.0.31903.59
MinimumVisualStudioVersion = 10.0.40219.1
Project("{FAE04EC0-301F-11D3-BF4B-00C04F79EFBC}") = "Geo", "Geo\Geo.csproj", "{40AB431B-4422-4683-86AC-BDFBD0F51D7C}"
EndProject
Project("{FAE04EC0-301F-11D3-BF4B-00C04F79EFBC}") = "Example", "Example\Example.csproj", "{2F50DF0D-148E-4585-A02E-424C76379953}"
EndProject
Project("{FAE04EC0-301F-11D3-BF4B-00C04F79EFBC}") = "LMap", "LMap\LMap.csproj", "{FCC8B113-53AA-40BC-9C3B-775D0BC96979}"
EndProject
Project("{FAE04EC0-301F-11D3-BF4B-00C04F79EFBC}") = "LMap.Client", "LMap.Client\LMap.Client.csproj", "{244B9804-7799-4462-BA9F-2AC3BF3B489B}"
EndProject
Global
	GlobalSection(SolutionConfigurationPlatforms) = preSolution
		Debug|Any CPU = Debug|Any CPU
		Release|Any CPU = Release|Any CPU
	EndGlobalSection
	GlobalSection(SolutionProperties) = preSolution
		HideSolutionNode = FALSE
	EndGlobalSection
	GlobalSection(ProjectConfigurationPlatforms) = postSolution
		{40AB431B-4422-4683-86AC-BDFBD0F51D7C}.Debug|Any CPU.ActiveCfg = Debug|Any CPU
		{40AB431B-4422-4683-86AC-BDFBD0F51D7C}.Debug|Any CPU.Build.0 = Debug|Any CPU
		{40AB431B-4422-4683-86AC-BDFBD0F51D7C}.Release|Any CPU.ActiveCfg = Release|Any CPU
		{40AB431B-4422-4683-86AC-BDFBD0F51D7C}.Release|Any CPU.Build.0 = Release|Any CPU
		{2F50DF0D-148E-4585-A02E-424C76379953}.Debug|Any CPU.ActiveCfg = Debug|Any CPU
		{2F50DF0D-148E-4585-A02E-424C76379953}.Debug|Any CPU.Build.0 = Debug|Any CPU
		{2F50DF0D-148E-4585-A02E-424C76379953}.Release|Any CPU.ActiveCfg = Release|Any CPU
		{2F50DF0D-148E-4585-A02E-424C76379953}.Release|Any CPU.Build.0 = Release|Any CPU
		{FCC8B113-53AA-40BC-9C3B-775D0BC96979}.Debug|Any CPU.ActiveCfg = Debug|Any CPU
		{FCC8B113-53AA-40BC-9C3B-775D0BC96979}.Debug|Any CPU.Build.0 = Debug|Any CPU
		{FCC8B113-53AA-40BC-9C3B-775D0BC96979}.Release|Any CPU.ActiveCfg = Release|Any CPU
		{FCC8B113-53AA-40BC-9C3B-775D0BC96979}.Release|Any CPU.Build.0 = Release|Any CPU
		{244B9804-7799-4462-BA9F-2AC3BF3B489B}.Debug|Any CPU.ActiveCfg = Debug|Any CPU
		{244B9804-7799-4462-BA9F-2AC3BF3B489B}.Debug|Any CPU.Build.0 = Debug|Any CPU
		{244B9804-7799-4462-BA9F-2AC3BF3B489B}.Release|Any CPU.ActiveCfg = Release|Any CPU
		{244B9804-7799-4462-BA9F-2AC3BF3B489B}.Release|Any CPU.Build.0 = Release|Any CPU
	EndGlobalSection
EndGlobal
